
Microsoft Visual Studio Solution File, Format Version 12.00
# Visual Studio Version 17
VisualStudioVersion = 17.11.35222.181
MinimumVisualStudioVersion = 10.0.40219.1
Project("{FAE04EC0-301F-11D3-BF4B-00C04F79EFBC}") = "session6-sort-search", "session6-sort-search.csproj", "{6590F666-1D5C-4316-AF3A-54A7580A9533}"
EndProject
Global
	GlobalSection(SolutionConfigurationPlatforms) = preSolution
		Debug|Any CPU = Debug|Any CPU
		Release|Any CPU = Release|Any CPU
	EndGlobalSection
	GlobalSection(ProjectConfigurationPlatforms) = postSolution
		{6590F666-1D5C-4316-AF3A-54A7580A9533}.Debug|Any CPU.ActiveCfg = Debug|Any CPU
		{6590F666-1D5C-4316-AF3A-54A7580A9533}.Debug|Any CPU.Build.0 = Debug|Any CPU
		{6590F666-1D5C-4316-AF3A-54A7580A9533}.Release|Any CPU.ActiveCfg = Release|Any CPU
		{6590F666-1D5C-4316-AF3A-54A7580A9533}.Release|Any CPU.Build.0 = Release|Any CPU
	EndGlobalSection
	GlobalSection(SolutionProperties) = preSolution
		HideSolutionNode = FALSE
	EndGlobalSection
	GlobalSection(ExtensibilityGlobals) = postSolution
		SolutionGuid = {47ACAF21-72D2-4488-BE3C-BC9173FF0D3B}
	EndGlobalSection
EndGlobal
