
Microsoft Visual Studio Solution File, Format Version 12.00
# Visual Studio Version 17
VisualStudioVersion = 17.11.35222.181
MinimumVisualStudioVersion = 10.0.40219.1
Project("{FAE04EC0-301F-11D3-BF4B-00C04F79EFBC}") = "session-4-fuctions2", "session-4-fuctions2.csproj", "{42DCE59F-7D66-4444-9C2D-BC666A71C3DB}"
EndProject
Global
	GlobalSection(SolutionConfigurationPlatforms) = preSolution
		Debug|Any CPU = Debug|Any CPU
		Release|Any CPU = Release|Any CPU
	EndGlobalSection
	GlobalSection(ProjectConfigurationPlatforms) = postSolution
		{42DCE59F-7D66-4444-9C2D-BC666A71C3DB}.Debug|Any CPU.ActiveCfg = Debug|Any CPU
		{42DCE59F-7D66-4444-9C2D-BC666A71C3DB}.Debug|Any CPU.Build.0 = Debug|Any CPU
		{42DCE59F-7D66-4444-9C2D-BC666A71C3DB}.Release|Any CPU.ActiveCfg = Release|Any CPU
		{42DCE59F-7D66-4444-9C2D-BC666A71C3DB}.Release|Any CPU.Build.0 = Release|Any CPU
	EndGlobalSection
	GlobalSection(SolutionProperties) = preSolution
		HideSolutionNode = FALSE
	EndGlobalSection
	GlobalSection(ExtensibilityGlobals) = postSolution
		SolutionGuid = {0B39551C-2DDC-4DDF-9D11-951F4C97DD16}
	EndGlobalSection
EndGlobal
